
Microsoft Visual Studio Solution File, Format Version 12.00
# Visual Studio Version 16
VisualStudioVersion = 16.0.31025.194
MinimumVisualStudioVersion = 10.0.40219.1
Project("{FAE04EC0-301F-11D3-BF4B-00C04F79EFBC}") = "MyDictionary", "MyDictionary\MyDictionary.csproj", "{D0A4FB82-2FC6-44CA-B0BE-BEF33A70131A}"
EndProject
Global
	GlobalSection(SolutionConfigurationPlatforms) = preSolution
		Debug|Any CPU = Debug|Any CPU
		Release|Any CPU = Release|Any CPU
	EndGlobalSection
	GlobalSection(ProjectConfigurationPlatforms) = postSolution
		{D0A4FB82-2FC6-44CA-B0BE-BEF33A70131A}.Debug|Any CPU.ActiveCfg = Debug|Any CPU
		{D0A4FB82-2FC6-44CA-B0BE-BEF33A70131A}.Debug|Any CPU.Build.0 = Debug|Any CPU
		{D0A4FB82-2FC6-44CA-B0BE-BEF33A70131A}.Release|Any CPU.ActiveCfg = Release|Any CPU
		{D0A4FB82-2FC6-44CA-B0BE-BEF33A70131A}.Release|Any CPU.Build.0 = Release|Any CPU
	EndGlobalSection
	GlobalSection(SolutionProperties) = preSolution
		HideSolutionNode = FALSE
	EndGlobalSection
	GlobalSection(ExtensibilityGlobals) = postSolution
		SolutionGuid = {A92F25FD-9A9E-42BF-8C1A-BC7E4D23EBBD}
	EndGlobalSection
EndGlobal
